Microsoft Visual Studio Solution File, Format Version 12.00
# Visual Studio Version 17
VisualStudioVersion = 17.13.35825.156
MinimumVisualStudioVersion = 10.0.40219.1
Project("{FAE04EC0-301F-11D3-BF4B-00C04F79EFBC}") = "Console calculator", "Console calculator\Console calculator.csproj", "{0D59679B-B008-49FA-A78A-95D56B9D92F0}"
EndProject
Global
	GlobalSection(SolutionConfigurationPlatforms) = preSolution
		Debug|Any CPU = Debug|Any CPU
		Release|Any CPU = Release|Any CPU
	EndGlobalSection
	GlobalSection(ProjectConfigurationPlatforms) = postSolution
		{0D59679B-B008-49FA-A78A-95D56B9D92F0}.Debug|Any CPU.ActiveCfg = Debug|Any CPU
		{0D59679B-B008-49FA-A78A-95D56B9D92F0}.Debug|Any CPU.Build.0 = Debug|Any CPU
		{0D59679B-B008-49FA-A78A-95D56B9D92F0}.Release|Any CPU.ActiveCfg = Release|Any CPU
		{0D59679B-B008-49FA-A78A-95D56B9D92F0}.Release|Any CPU.Build.0 = Release|Any CPU
	EndGlobalSection
	GlobalSection(SolutionProperties) = preSolution
		HideSolutionNode = FALSE
	EndGlobalSection
	GlobalSection(ExtensibilityGlobals) = postSolution
		SolutionGuid = {41BA4CA2-0DE0-4BDF-93AA-E8DE9C518BE8}
	EndGlobalSection
EndGlobal
